// !$*UTF8*$!
{
	archiveVersion = 1;
	classes = {
	};
	objectVersion = 56;
	objects = {

/* Begin PBXBuildFile section */
		4C5A41302AB85A6000AA29F6 /* DetailViewController.swift in Sources */ = {isa = PBXBuildFile; fileRef = 4C5A412F2AB85A6000AA29F6 /* DetailViewController.swift */; };
		4CEFE7092AAF469700CEFAEE /* AppDelegate.swift in Sources */ = {isa = PBXBuildFile; fileRef = 4CEFE7082AAF469700CEFAEE /* AppDelegate.swift */; };
		4CEFE70B2AAF469700CEFAEE /* SceneDelegate.swift in Sources */ = {isa = PBXBuildFile; fileRef = 4CEFE70A2AAF469700CEFAEE /* SceneDelegate.swift */; };
		4CEFE70D2AAF469700CEFAEE /* ViewController.swift in Sources */ = {isa = PBXBuildFile; fileRef = 4CEFE70C2AAF469700CEFAEE /* ViewController.swift */; };
		4CEFE7102AAF469700CEFAEE /* Main.storyboard in Resources */ = {isa = PBXBuildFile; fileRef = 4CEFE70E2AAF469700CEFAEE /* Main.storyboard */; };
		4CEFE7122AAF469800CEFAEE /* Assets.xcassets in Resources */ = {isa = PBXBuildFile; fileRef = 4CEFE7112AAF469800CEFAEE /* Assets.xcassets */; };
		4CEFE7152AAF469800CEFAEE /* LaunchScreen.storyboard in Resources */ = {isa = PBXBuildFile; fileRef = 4CEFE7132AAF469800CEFAEE /* LaunchScreen.storyboard */; };
		4CEFE7292AAF46FB00CEFAEE /* nigeria@3x.png in Resources */ = {isa = PBXBuildFile; fileRef = 4CEFE71D2AAF46FB00CEFAEE /* nigeria@3x.png */; };
		4CEFE72A2AAF46FB00CEFAEE /* spain@3x.png in Resources */ = {isa = PBXBuildFile; fileRef = 4CEFE71E2AAF46FB00CEFAEE /* spain@3x.png */; };
		4CEFE72B2AAF46FB00CEFAEE /* italy@3x.png in Resources */ = {isa = PBXBuildFile; fileRef = 4CEFE71F2AAF46FB00CEFAEE /* italy@3x.png */; };
		4CEFE72C2AAF46FB00CEFAEE /* germany@3x.png in Resources */ = {isa = PBXBuildFile; fileRef = 4CEFE7202AAF46FB00CEFAEE /* germany@3x.png */; };
		4CEFE72D2AAF46FB00CEFAEE /* ireland@3x.png in Resources */ = {isa = PBXBuildFile; fileRef = 4CEFE7212AAF46FB00CEFAEE /* ireland@3x.png */; };
		4CEFE72E2AAF46FB00CEFAEE /* estonia@3x.png in Resources */ = {isa = PBXBuildFile; fileRef = 4CEFE7222AAF46FB00CEFAEE /* estonia@3x.png */; };
		4CEFE72F2AAF46FB00CEFAEE /* russia@3x.png in Resources */ = {isa = PBXBuildFile; fileRef = 4CEFE7232AAF46FB00CEFAEE /* russia@3x.png */; };
		4CEFE7302AAF46FB00CEFAEE /* poland@3x.png in Resources */ = {isa = PBXBuildFile; fileRef = 4CEFE7242AAF46FB00CEFAEE /* poland@3x.png */; };
		4CEFE7312AAF46FB00CEFAEE /* uk@3x.png in Resources */ = {isa = PBXBuildFile; fileRef = 4CEFE7252AAF46FB00CEFAEE /* uk@3x.png */; };
		4CEFE7322AAF46FB00CEFAEE /* us@3x.png in Resources */ = {isa = PBXBuildFile; fileRef = 4CEFE7262AAF46FB00CEFAEE /* us@3x.png */; };
		4CEFE7332AAF46FB00CEFAEE /* france@3x.png in Resources */ = {isa = PBXBuildFile; fileRef = 4CEFE7272AAF46FB00CEFAEE /* france@3x.png */; };
		4CEFE7342AAF46FB00CEFAEE /* monaco@3x.png in Resources */ = {isa = PBXBuildFile; fileRef = 4CEFE7282AAF46FB00CEFAEE /* monaco@3x.png */; };
/* End PBXBuildFile section */

/* Begin PBXFileReference section */
		4C5A412F2AB85A6000AA29F6 /* DetailViewController.swift */ = {isa = PBXFileReference; lastKnownFileType = sourcecode.swift; path = DetailViewController.swift; sourceTree = "<group>"; };
		4CEFE7052AAF469700CEFAEE /* ShareTheFlag.app */ = {isa = PBXFileReference; explicitFileType = wrapper.application; includeInIndex = 0; path = ShareTheFlag.app; sourceTree = BUILT_PRODUCTS_DIR; };
		4CEFE7082AAF469700CEFAEE /* AppDelegate.swift */ = {isa = PBXFileReference; lastKnownFileType = sourcecode.swift; path = AppDelegate.swift; sourceTree = "<group>"; };
		4CEFE70A2AAF469700CEFAEE /* SceneDelegate.swift */ = {isa = PBXFileReference; lastKnownFileType = sourcecode.swift; path = SceneDelegate.swift; sourceTree = "<group>"; };
		4CEFE70C2AAF469700CEFAEE /* ViewController.swift */ = {isa = PBXFileReference; lastKnownFileType = sourcecode.swift; path = ViewController.swift; sourceTree = "<group>"; };
		4CEFE70F2AAF469700CEFAEE /* Base */ = {isa = PBXFileReference; lastKnownFileType = file.storyboard; name = Base; path = Base.lproj/Main.storyboard; sourceTree = "<group>"; };
		4CEFE7112AAF469800CEFAEE /* Assets.xcassets */ = {isa = PBXFileReference; lastKnownFileType = folder.assetcatalog; path = Assets.xcassets; sourceTree = "<group>"; };
		4CEFE7142AAF469800CEFAEE /* Base */ = {isa = PBXFileReference; lastKnownFileType = file.storyboard; name = Base; path = Base.lproj/LaunchScreen.storyboard; sourceTree = "<group>"; };
		4CEFE7162AAF469800CEFAEE /* Info.plist */ = {isa = PBXFileReference; lastKnownFileType = text.plist.xml; path = Info.plist; sourceTree = "<group>"; };
		4CEFE71D2AAF46FB00CEFAEE /* nigeria@3x.png */ = {isa = PBXFileReference; lastKnownFileType = image.png; path = "nigeria@3x.png"; sourceTree = "<group>"; };
		4CEFE71E2AAF46FB00CEFAEE /* spain@3x.png */ = {isa = PBXFileReference; lastKnownFileType = image.png; path = "spain@3x.png"; sourceTree = "<group>"; };
		4CEFE71F2AAF46FB00CEFAEE /* italy@3x.png */ = {isa = PBXFileReference; lastKnownFileType = image.png; path = "italy@3x.png"; sourceTree = "<group>"; };
		4CEFE7202AAF46FB00CEFAEE /* germany@3x.png */ = {isa = PBXFileReference; lastKnownFileType = image.png; path = "germany@3x.png"; sourceTree = "<group>"; };
		4CEFE7212AAF46FB00CEFAEE /* ireland@3x.png */ = {isa = PBXFileReference; lastKnownFileType = image.png; path = "ireland@3x.png"; sourceTree = "<group>"; };
		4CEFE7222AAF46FB00CEFAEE /* estonia@3x.png */ = {isa = PBXFileReference; lastKnownFileType = image.png; path = "estonia@3x.png"; sourceTree = "<group>"; };
		4CEFE7232AAF46FB00CEFAEE /* russia@3x.png */ = {isa = PBXFileReference; lastKnownFileType = image.png; path = "russia@3x.png"; sourceTree = "<group>"; };
		4CEFE7242AAF46FB00CEFAEE /* poland@3x.png */ = {isa = PBXFileReference; lastKnownFileType = image.png; path = "poland@3x.png"; sourceTree = "<group>"; };
		4CEFE7252AAF46FB00CEFAEE /* uk@3x.png */ = {isa = PBXFileReference; lastKnownFileType = image.png; path = "uk@3x.png"; sourceTree = "<group>"; };
		4CEFE7262AAF46FB00CEFAEE /* us@3x.png */ = {isa = PBXFileReference; lastKnownFileType = image.png; path = "us@3x.png"; sourceTree = "<group>"; };
		4CEFE7272AAF46FB00CEFAEE /* france@3x.png */ = {isa = PBXFileReference; lastKnownFileType = image.png; path = "france@3x.png"; sourceTree = "<group>"; };
		4CEFE7282AAF46FB00CEFAEE /* monaco@3x.png */ = {isa = PBXFileReference; lastKnownFileType = image.png; path = "monaco@3x.png"; sourceTree = "<group>"; };
/* End PBXFileReference section */

/* Begin PBXFrameworksBuildPhase section */
		4CEFE7022AAF469700CEFAEE /* Frameworks */ = {
			isa = PBXFrameworksBuildPhase;
			buildActionMask = 2147483647;
			files = (
			);
			runOnlyForDeploymentPostprocessing = 0;
		};
/* End PBXFrameworksBuildPhase section */

/* Begin PBXGroup section */
		4CEFE6FC2AAF469700CEFAEE = {
			isa = PBXGroup;
			children = (
				4CEFE7072AAF469700CEFAEE /* ShareTheFlag */,
				4CEFE7062AAF469700CEFAEE /* Products */,
			);
			sourceTree = "<group>";
		};
		4CEFE7062AAF469700CEFAEE /* Products */ = {
			isa = PBXGroup;
			children = (
				4CEFE7052AAF469700CEFAEE /* ShareTheFlag.app */,
			);
			name = Products;
			sourceTree = "<group>";
		};
		4CEFE7072AAF469700CEFAEE /* ShareTheFlag */ = {
			isa = PBXGroup;
			children = (
				4C5A412F2AB85A6000AA29F6 /* DetailViewController.swift */,
				4CEFE7082AAF469700CEFAEE /* AppDelegate.swift */,
				4CEFE70A2AAF469700CEFAEE /* SceneDelegate.swift */,
				4CEFE70C2AAF469700CEFAEE /* ViewController.swift */,
				4CEFE70E2AAF469700CEFAEE /* Main.storyboard */,
				4CEFE7112AAF469800CEFAEE /* Assets.xcassets */,
				4CEFE7132AAF469800CEFAEE /* LaunchScreen.storyboard */,
				4CEFE7162AAF469800CEFAEE /* Info.plist */,
				4CEFE71C2AAF46FB00CEFAEE /* flags */,
			);
			path = ShareTheFlag;
			sourceTree = "<group>";
		};
		4CEFE71C2AAF46FB00CEFAEE /* flags */ = {
			isa = PBXGroup;
			children = (
				4CEFE71D2AAF46FB00CEFAEE /* nigeria@3x.png */,
				4CEFE71E2AAF46FB00CEFAEE /* spain@3x.png */,
				4CEFE71F2AAF46FB00CEFAEE /* italy@3x.png */,
				4CEFE7202AAF46FB00CEFAEE /* germany@3x.png */,
				4CEFE7212AAF46FB00CEFAEE /* ireland@3x.png */,
				4CEFE7222AAF46FB00CEFAEE /* estonia@3x.png */,
				4CEFE7232AAF46FB00CEFAEE /* russia@3x.png */,
				4CEFE7242AAF46FB00CEFAEE /* poland@3x.png */,
				4CEFE7252AAF46FB00CEFAEE /* uk@3x.png */,
				4CEFE7262AAF46FB00CEFAEE /* us@3x.png */,
				4CEFE7272AAF46FB00CEFAEE /* france@3x.png */,
				4CEFE7282AAF46FB00CEFAEE /* monaco@3x.png */,
			);
			path = flags;
			sourceTree = "<group>";
		};
/* End PBXGroup section */

/* Begin PBXNativeTarget section */
		4CEFE7042AAF469700CEFAEE /* ShareTheFlag */ = {
			isa = PBXNativeTarget;
			buildConfigurationList = 4CEFE7192AAF469800CEFAEE /* Build configuration list for PBXNativeTarget "ShareTheFlag" */;
			buildPhases = (
				4CEFE7012AAF469700CEFAEE /* Sources */,
				4CEFE7022AAF469700CEFAEE /* Frameworks */,
				4CEFE7032AAF469700CEFAEE /* Resources */,
			);
			buildRules = (
			);
			dependencies = (
			);
			name = ShareTheFlag;
			productName = ShareTheFlag;
			productReference = 4CEFE7052AAF469700CEFAEE /* ShareTheFlag.app */;
			productType = "com.apple.product-type.application";
		};
/* End PBXNativeTarget section */

/* Begin PBXProject section */
		4CEFE6FD2AAF469700CEFAEE /* Project object */ = {
			isa = PBXProject;
			attributes = {
				BuildIndependentTargetsInParallel = 1;
				LastSwiftUpdateCheck = 1430;
				LastUpgradeCheck = 1430;
				TargetAttributes = {
					4CEFE7042AAF469700CEFAEE = {
						CreatedOnToolsVersion = 14.3.1;
					};
				};
			};
			buildConfigurationList = 4CEFE7002AAF469700CEFAEE /* Build configuration list for PBXProject "ShareTheFlag" */;
			compatibilityVersion = "Xcode 14.0";
			developmentRegion = en;
			hasScannedForEncodings = 0;
			knownRegions = (
				en,
				Base,
			);
			mainGroup = 4CEFE6FC2AAF469700CEFAEE;
			productRefGroup = 4CEFE7062AAF469700CEFAEE /* Products */;
			projectDirPath = "";
			projectRoot = "";
			targets = (
				4CEFE7042AAF469700CEFAEE /* ShareTheFlag */,
			);
		};
/* End PBXProject section */

/* Begin PBXResourcesBuildPhase section */
		4CEFE7032AAF469700CEFAEE /* Resources */ = {
			isa = PBXResourcesBuildPhase;
			buildActionMask = 2147483647;
			files = (
				4CEFE7152AAF469800CEFAEE /* LaunchScreen.storyboard in Resources */,
				4CEFE7122AAF469800CEFAEE /* Assets.xcassets in Resources */,
				4CEFE72E2AAF46FB00CEFAEE /* estonia@3x.png in Resources */,
				4CEFE7342AAF46FB00CEFAEE /* monaco@3x.png in Resources */,
				4CEFE7312AAF46FB00CEFAEE /* uk@3x.png in Resources */,
				4CEFE7102AAF469700CEFAEE /* Main.storyboard in Resources */,
				4CEFE72D2AAF46FB00CEFAEE /* ireland@3x.png in Resources */,
				4CEFE7322AAF46FB00CEFAEE /* us@3x.png in Resources */,
				4CEFE72B2AAF46FB00CEFAEE /* italy@3x.png in Resources */,
				4CEFE72C2AAF46FB00CEFAEE /* germany@3x.png in Resources */,
				4CEFE7302AAF46FB00CEFAEE /* poland@3x.png in Resources */,
				4CEFE72A2AAF46FB00CEFAEE /* spain@3x.png in Resources */,
				4CEFE72F2AAF46FB00CEFAEE /* russia@3x.png in Resources */,
				4CEFE7332AAF46FB00CEFAEE /* france@3x.png in Resources */,
				4CEFE7292AAF46FB00CEFAEE /* nigeria@3x.png in Resources */,
			);
			runOnlyForDeploymentPostprocessing = 0;
		};
/* End PBXResourcesBuildPhase section */

/* Begin PBXSourcesBuildPhase section */
		4CEFE7012AAF469700CEFAEE /* Sources */ = {
			isa = PBXSourcesBuildPhase;
			buildActionMask = 2147483647;
			files = (
				4CEFE70D2AAF469700CEFAEE /* ViewController.swift in Sources */,
				4CEFE7092AAF469700CEFAEE /* AppDelegate.swift in Sources */,
				4CEFE70B2AAF469700CEFAEE /* SceneDelegate.swift in Sources */,
				4C5A41302AB85A6000AA29F6 /* DetailViewController.swift in Sources */,
			);
			runOnlyForDeploymentPostprocessing = 0;
		};
/* End PBXSourcesBuildPhase section */

/* Begin PBXVariantGroup section */
		4CEFE70E2AAF469700CEFAEE /* Main.storyboard */ = {
			isa = PBXVariantGroup;
			children = (
				4CEFE70F2AAF469700CEFAEE /* Base */,
			);
			name = Main.storyboard;
			sourceTree = "<group>";
		};
		4CEFE7132AAF469800CEFAEE /* LaunchScreen.storyboard */ = {
			isa = PBXVariantGroup;
			children = (
				4CEFE7142AAF469800CEFAEE /* Base */,
			);
			name = LaunchScreen.storyboard;
			sourceTree = "<group>";
		};
/* End PBXVariantGroup section */

/* Begin XCBuildConfiguration section */
		4CEFE7172AAF469800CEFAEE /* Debug */ = {
			isa = XCBuildConfiguration;
			buildSettings = {
				ALWAYS_SEARCH_USER_PATHS = NO;
				CLANG_ANALYZER_NONNULL = YES;
				CLANG_ANALYZER_NUMBER_OBJECT_CONVERSION = YES_AGGRESSIVE;
				CLANG_CXX_LANGUAGE_STANDARD = "gnu++20";
				CLANG_ENABLE_MODULES = YES;
				CLANG_ENABLE_OBJC_ARC = YES;
				CLANG_ENABLE_OBJC_WEAK = YES;
				CLANG_WARN_BLOCK_CAPTURE_AUTORELEASING = YES;
				CLANG_WARN_BOOL_CONVERSION = YES;
				CLANG_WARN_COMMA = YES;
				CLANG_WARN_CONSTANT_CONVERSION = YES;
				CLANG_WARN_DEPRECATED_OBJC_IMPLEMENTATIONS = YES;
				CLANG_WARN_DIRECT_OBJC_ISA_USAGE = YES_ERROR;
				CLANG_WARN_DOCUMENTATION_COMMENTS = YES;
				CLANG_WARN_EMPTY_BODY = YES;
				CLANG_WARN_ENUM_CONVERSION = YES;
				CLANG_WARN_INFINITE_RECURSION = YES;
				CLANG_WARN_INT_CONVERSION = YES;
				CLANG_WARN_NON_LITERAL_NULL_CONVERSION = YES;
				CLANG_WARN_OBJC_IMPLICIT_RETAIN_SELF = YES;
				CLANG_WARN_OBJC_LITERAL_CONVERSION = YES;
				CLANG_WARN_OBJC_ROOT_CLASS = YES_ERROR;
				CLANG_WARN_QUOTED_INCLUDE_IN_FRAMEWORK_HEADER = YES;
				CLANG_WARN_RANGE_LOOP_ANALYSIS = YES;
				CLANG_WARN_STRICT_PROTOTYPES = YES;
				CLANG_WARN_SUSPICIOUS_MOVE = YES;
				CLANG_WARN_UNGUARDED_AVAILABILITY = YES_AGGRESSIVE;
				CLANG_WARN_UNREACHABLE_CODE = YES;
				CLANG_WARN__DUPLICATE_METHOD_MATCH = YES;
				COPY_PHASE_STRIP = NO;
				DEBUG_INFORMATION_FORMAT = dwarf;
				ENABLE_STRICT_OBJC_MSGSEND = YES;
				ENABLE_TESTABILITY = YES;
				GCC_C_LANGUAGE_STANDARD = gnu11;
				GCC_DYNAMIC_NO_PIC = NO;
				GCC_NO_COMMON_BLOCKS = YES;
				GCC_OPTIMIZATION_LEVEL = 0;
				GCC_PREPROCESSOR_DEFINITIONS = (
					"DEBUG=1",
					"$(inherited)",
				);
				GCC_WARN_64_TO_32_BIT_CONVERSION = YES;
				GCC_WARN_ABOUT_RETURN_TYPE = YES_ERROR;
				GCC_WARN_UNDECLARED_SELECTOR = YES;
				GCC_WARN_UNINITIALIZED_AUTOS = YES_AGGRESSIVE;
				GCC_WARN_UNUSED_FUNCTION = YES;
				GCC_WARN_UNUSED_VARIABLE = YES;
				IPHONEOS_DEPLOYMENT_TARGET = 16.4;
				MTL_ENABLE_DEBUG_INFO = INCLUDE_SOURCE;
				MTL_FAST_MATH = YES;
				ONLY_ACTIVE_ARCH = YES;
				SDKROOT = iphoneos;
				SWIFT_ACTIVE_COMPILATION_CONDITIONS = DEBUG;
				SWIFT_OPTIMIZATION_LEVEL = "-Onone";
			};
			name = Debug;
		};
		4CEFE7182AAF469800CEFAEE /* Release */ = {
			isa = XCBuildConfiguration;
			buildSettings = {
				ALWAYS_SEARCH_USER_PATHS = NO;
				CLANG_ANALYZER_NONNULL = YES;
				CLANG_ANALYZER_NUMBER_OBJECT_CONVERSION = YES_AGGRESSIVE;
				CLANG_CXX_LANGUAGE_STANDARD = "gnu++20";
				CLANG_ENABLE_MODULES = YES;
				CLANG_ENABLE_OBJC_ARC = YES;
				CLANG_ENABLE_OBJC_WEAK = YES;
				CLANG_WARN_BLOCK_CAPTURE_AUTORELEASING = YES;
				CLANG_WARN_BOOL_CONVERSION = YES;
				CLANG_WARN_COMMA = YES;
				CLANG_WARN_CONSTANT_CONVERSION = YES;
				CLANG_WARN_DEPRECATED_OBJC_IMPLEMENTATIONS = YES;
				CLANG_WARN_DIRECT_OBJC_ISA_USAGE = YES_ERROR;
				CLANG_WARN_DOCUMENTATION_COMMENTS = YES;
				CLANG_WARN_EMPTY_BODY = YES;
				CLANG_WARN_ENUM_CONVERSION = YES;
				CLANG_WARN_INFINITE_RECURSION = YES;
				CLANG_WARN_INT_CONVERSION = YES;
				CLANG_WARN_NON_LITERAL_NULL_CONVERSION = YES;
				CLANG_WARN_OBJC_IMPLICIT_RETAIN_SELF = YES;
				CLANG_WARN_OBJC_LITERAL_CONVERSION = YES;
				CLANG_WARN_OBJC_ROOT_CLASS = YES_ERROR;
				CLANG_WARN_QUOTED_INCLUDE_IN_FRAMEWORK_HEADER = YES;
				CLANG_WARN_RANGE_LOOP_ANALYSIS = YES;
				CLANG_WARN_STRICT_PROTOTYPES = YES;
				CLANG_WARN_SUSPICIOUS_MOVE = YES;
				CLANG_WARN_UNGUARDED_AVAILABILITY = YES_AGGRESSIVE;
				CLANG_WARN_UNREACHABLE_CODE = YES;
				CLANG_WARN__DUPLICATE_METHOD_MATCH = YES;
				COPY_PHASE_STRIP = NO;
				DEBUG_INFORMATION_FORMAT = "dwarf-with-dsym";
				ENABLE_NS_ASSERTIONS = NO;
				ENABLE_STRICT_OBJC_MSGSEND = YES;
				GCC_C_LANGUAGE_STANDARD = gnu11;
				GCC_NO_COMMON_BLOCKS = YES;
				GCC_WARN_64_TO_32_BIT_CONVERSION = YES;
				GCC_WARN_ABOUT_RETURN_TYPE = YES_ERROR;
				GCC_WARN_UNDECLARED_SELECTOR = YES;
				GCC_WARN_UNINITIALIZED_AUTOS = YES_AGGRESSIVE;
				GCC_WARN_UNUSED_FUNCTION = YES;
				GCC_WARN_UNUSED_VARIABLE = YES;
				IPHONEOS_DEPLOYMENT_TARGET = 16.4;
				MTL_ENABLE_DEBUG_INFO = NO;
				MTL_FAST_MATH = YES;
				SDKROOT = iphoneos;
				SWIFT_COMPILATION_MODE = wholemodule;
				SWIFT_OPTIMIZATION_LEVEL = "-O";
				VALIDATE_PRODUCT = YES;
			};
			name = Release;
		};
		4CEFE71A2AAF469800CEFAEE /* Debug */ = {
			isa = XCBuildConfiguration;
			buildSettings = {
				ASSETCATALOG_COMPILER_APPICON_NAME = AppIcon;
				ASSETCATALOG_COMPILER_GLOBAL_ACCENT_COLOR_NAME = AccentColor;
				CODE_SIGN_STYLE = Automatic;
				CURRENT_PROJECT_VERSION = 1;
				DEVELOPMENT_TEAM = P5KXU6U227;
				GENERATE_INFOPLIST_FILE = YES;
				INFOPLIST_FILE = ShareTheFlag/Info.plist;
				INFOPLIST_KEY_UIApplicationSupportsIndirectInputEvents = YES;
				INFOPLIST_KEY_UILaunchStoryboardName = LaunchScreen;
				INFOPLIST_KEY_UIMainStoryboardFile = Main;
				INFOPLIST_KEY_UISupportedInterfaceOrientations_iPad = "UIInterfaceOrientationPortrait UIInterfaceOrientationPortraitUpsideDown UIInterfaceOrientationLandscapeLeft UIInterfaceOrientationLandscapeRight";
				INFOPLIST_KEY_UISupportedInterfaceOrientations_iPhone = "UIInterfaceOrientationPortrait UIInterfaceOrientationLandscapeLeft UIInterfaceOrientationLandscapeRight";
				LD_RUNPATH_SEARCH_PATHS = (
					"$(inherited)",
					"@executable_path/Frameworks",
				);
				MARKETING_VERSION = 1.0;
				PRODUCT_BUNDLE_IDENTIFIER = dev.kavrin.ShareTheFlag;
				PRODUCT_NAME = "$(TARGET_NAME)";
				SWIFT_EMIT_LOC_STRINGS = YES;
				SWIFT_VERSION = 5.0;
				TARGETED_DEVICE_FAMILY = "1,2";
			};
			name = Debug;
		};
		4CEFE71B2AAF469800CEFAEE /* Release */ = {
			isa = XCBuildConfiguration;
			buildSettings = {
				ASSETCATALOG_COMPILER_APPICON_NAME = AppIcon;
				ASSETCATALOG_COMPILER_GLOBAL_ACCENT_COLOR_NAME = AccentColor;
				CODE_SIGN_STYLE = Automatic;
				CURRENT_PROJECT_VERSION = 1;
				DEVELOPMENT_TEAM = P5KXU6U227;
				GENERATE_INFOPLIST_FILE = YES;
				INFOPLIST_FILE = ShareTheFlag/Info.plist;
				INFOPLIST_KEY_UIApplicationSupportsIndirectInputEvents = YES;
				INFOPLIST_KEY_UILaunchStoryboardName = LaunchScreen;
				INFOPLIST_KEY_UIMainStoryboardFile = Main;
				INFOPLIST_KEY_UISupportedInterfaceOrientations_iPad = "UIInterfaceOrientationPortrait UIInterfaceOrientationPortraitUpsideDown UIInterfaceOrientationLandscapeLeft UIInterfaceOrientationLandscapeRight";
				INFOPLIST_KEY_UISupportedInterfaceOrientations_iPhone = "UIInterfaceOrientationPortrait UIInterfaceOrientationLandscapeLeft UIInterfaceOrientationLandscapeRight";
				LD_RUNPATH_SEARCH_PATHS = (
					"$(inherited)",
					"@executable_path/Frameworks",
				);
				MARKETING_VERSION = 1.0;
				PRODUCT_BUNDLE_IDENTIFIER = dev.kavrin.ShareTheFlag;
				PRODUCT_NAME = "$(TARGET_NAME)";
				SWIFT_EMIT_LOC_STRINGS = YES;
				SWIFT_VERSION = 5.0;
				TARGETED_DEVICE_FAMILY = "1,2";
			};
			name = Release;
		};
/* End XCBuildConfiguration section */

/* Begin XCConfigurationList section */
		4CEFE7002AAF469700CEFAEE /* Build configuration list for PBXProject "ShareTheFlag" */ = {
			isa = XCConfigurationList;
			buildConfigurations = (
				4CEFE7172AAF469800CEFAEE /* Debug */,
				4CEFE7182AAF469800CEFAEE /* Release */,
			);
			defaultConfigurationIsVisible = 0;
			defaultConfigurationName = Release;
		};
		4CEFE7192AAF469800CEFAEE /* Build configuration list for PBXNativeTarget "ShareTheFlag" */ = {
			isa = XCConfigurationList;
			buildConfigurations = (
				4CEFE71A2AAF469800CEFAEE /* Debug */,
				4CEFE71B2AAF469800CEFAEE /* Release */,
			);
			defaultConfigurationIsVisible = 0;
			defaultConfigurationName = Release;
		};
/* End XCConfigurationList section */
	};
	rootObject = 4CEFE6FD2AAF469700CEFAEE /* Project object */;
}
